
Microsoft Visual Studio Solution File, Format Version 12.00
# Visual Studio 15
VisualStudioVersion = 15.0.27428.2011
MinimumVisualStudioVersion = 10.0.40219.1
Project("{FAE04EC0-301F-11D3-BF4B-00C04F79EFBC}") = "SongList", "SongList\SongList.csproj", "{FC17D48C-F2DF-451A-B350-950F5769F84B}"
EndProject
Global
	GlobalSection(SolutionConfigurationPlatforms) = preSolution
		Debug|Any CPU = Debug|Any CPU
		Release|Any CPU = Release|Any CPU
	EndGlobalSection
	GlobalSection(ProjectConfigurationPlatforms) = postSolution
		{FC17D48C-F2DF-451A-B350-950F5769F84B}.Debug|Any CPU.ActiveCfg = Debug|Any CPU
		{FC17D48C-F2DF-451A-B350-950F5769F84B}.Debug|Any CPU.Build.0 = Debug|Any CPU
		{FC17D48C-F2DF-451A-B350-950F5769F84B}.Release|Any CPU.ActiveCfg = Release|Any CPU
		{FC17D48C-F2DF-451A-B350-950F5769F84B}.Release|Any CPU.Build.0 = Release|Any CPU
	EndGlobalSection
	GlobalSection(SolutionProperties) = preSolution
		HideSolutionNode = FALSE
	EndGlobalSection
	GlobalSection(ExtensibilityGlobals) = postSolution
		SolutionGuid = {90267698-3A1E-4C4C-896F-242286F241CA}
	EndGlobalSection
EndGlobal
